// !$*UTF8*$!
{
	archiveVersion = 1;
	classes = {
	};
	objectVersion = 46;
	objects = {

/* Begin PBXBuildFile section */
		9F4557309030CB06ABF6B0F7 /* libPods-MapRecorderUITests.a in Frameworks */ = {isa = PBXBuildFile; fileRef = 82B236C37D1DA6ABA1F3F45B /* libPods-MapRecorderUITests.a */; };
		C205B1391EF03B6C005BEC99 /* JourneyLogger.m in Sources */ = {isa = PBXBuildFile; fileRef = C205B1381EF03B6C005BEC99 /* JourneyLogger.m */; };
		C205B13E1EF03B83005BEC99 /* Log+CoreDataClass.m in Sources */ = {isa = PBXBuildFile; fileRef = C205B13B1EF03B82005BEC99 /* Log+CoreDataClass.m */; };
		C205B13F1EF03B83005BEC99 /* Log+CoreDataProperties.m in Sources */ = {isa = PBXBuildFile; fileRef = C205B13D1EF03B83005BEC99 /* Log+CoreDataProperties.m */; };
		C205B1401EF03BE5005BEC99 /* MapRecorder.xcdatamodeld in Resources */ = {isa = PBXBuildFile; fileRef = C2E78DDC1EEDB771008E2EAB /* MapRecorder.xcdatamodeld */; };
		C205F36F1EF02CAA000EBCC2 /* LocationHelper.m in Sources */ = {isa = PBXBuildFile; fileRef = C205F36E1EF02CAA000EBCC2 /* LocationHelper.m */; };
		C2E78D931EEC4A47008E2EAB /* main.m in Sources */ = {isa = PBXBuildFile; fileRef = C2E78D921EEC4A47008E2EAB /* main.m */; };
		C2E78D961EEC4A47008E2EAB /* AppDelegate.m in Sources */ = {isa = PBXBuildFile; fileRef = C2E78D951EEC4A47008E2EAB /* AppDelegate.m */; };
		C2E78D9C1EEC4A47008E2EAB /* Main.storyboard in Resources */ = {isa = PBXBuildFile; fileRef = C2E78D9A1EEC4A47008E2EAB /* Main.storyboard */; };
		C2E78D9E1EEC4A47008E2EAB /* Assets.xcassets in Resources */ = {isa = PBXBuildFile; fileRef = C2E78D9D1EEC4A47008E2EAB /* Assets.xcassets */; };
		C2E78DA11EEC4A47008E2EAB /* LaunchScreen.storyboard in Resources */ = {isa = PBXBuildFile; fileRef = C2E78D9F1EEC4A47008E2EAB /* LaunchScreen.storyboard */; };
		C2E78DAC1EEC4A47008E2EAB /* MapRecorderTests.m in Sources */ = {isa = PBXBuildFile; fileRef = C2E78DAB1EEC4A47008E2EAB /* MapRecorderTests.m */; };
		C2E78DB71EEC4A47008E2EAB /* MapRecorderUITests.m in Sources */ = {isa = PBXBuildFile; fileRef = C2E78DB61EEC4A47008E2EAB /* MapRecorderUITests.m */; };
		C2E78DC61EEC4EF7008E2EAB /* MapKit.framework in Frameworks */ = {isa = PBXBuildFile; fileRef = C2E78DC51EEC4EF7008E2EAB /* MapKit.framework */; };
		C2E78DC81EEC5CC9008E2EAB /* CoreLocation.framework in Frameworks */ = {isa = PBXBuildFile; fileRef = C2E78DC71EEC5CC9008E2EAB /* CoreLocation.framework */; };
		C2E78DCE1EED9540008E2EAB /* Localizable.strings in Resources */ = {isa = PBXBuildFile; fileRef = C2E78DCD1EED9540008E2EAB /* Localizable.strings */; };
		C2E78DD81EEDB4F2008E2EAB /* MapViewController.m in Sources */ = {isa = PBXBuildFile; fileRef = C2E78DD41EEDB4F2008E2EAB /* MapViewController.m */; };
		C2E78DD91EEDB4F2008E2EAB /* Journey.m in Sources */ = {isa = PBXBuildFile; fileRef = C2E78DD71EEDB4F2008E2EAB /* Journey.m */; };
		C2E78DE31EEDBA8B008E2EAB /* CoreData.framework in Frameworks */ = {isa = PBXBuildFile; fileRef = C2E78DDA1EEDB563008E2EAB /* CoreData.framework */; };
		C2E78DE61EEE9E9C008E2EAB /* ListViewController.m in Sources */ = {isa = PBXBuildFile; fileRef = C2E78DE51EEE9E9C008E2EAB /* ListViewController.m */; };
		C2E78DEB1EEE9EDC008E2EAB /* ListTableViewCell.m in Sources */ = {isa = PBXBuildFile; fileRef = C2E78DE91EEE9EDC008E2EAB /* ListTableViewCell.m */; };
		C2E78DEC1EEE9EDC008E2EAB /* ListTableViewCell.xib in Resources */ = {isa = PBXBuildFile; fileRef = C2E78DEA1EEE9EDC008E2EAB /* ListTableViewCell.xib */; };
		C2E78DEF1EEECECF008E2EAB /* JourneyDetailViewController.m in Sources */ = {isa = PBXBuildFile; fileRef = C2E78DEE1EEECECF008E2EAB /* JourneyDetailViewController.m */; };
		D3C0CF35FA6A8295904C8A84 /* libPods-MapRecorderTests.a in Frameworks */ = {isa = PBXBuildFile; fileRef = 2E507C5A263CE7FC629F444B /* libPods-MapRecorderTests.a */; };
		D75640386763F46CC580FB96 /* libPods-MapRecorder.a in Frameworks */ = {isa = PBXBuildFile; fileRef = A42A98B8DEF8F80D23EB8ABB /* libPods-MapRecorder.a */; };
/* End PBXBuildFile section */

/* Begin PBXContainerItemProxy section */
		C2E78DA81EEC4A47008E2EAB /* PBXContainerItemProxy */ = {
			isa = PBXContainerItemProxy;
			containerPortal = C2E78D861EEC4A47008E2EAB /* Project object */;
			proxyType = 1;
			remoteGlobalIDString = C2E78D8D1EEC4A47008E2EAB;
			remoteInfo = MapRecorder;
		};
		C2E78DB31EEC4A47008E2EAB /* PBXContainerItemProxy */ = {
			isa = PBXContainerItemProxy;
			containerPortal = C2E78D861EEC4A47008E2EAB /* Project object */;
			proxyType = 1;
			remoteGlobalIDString = C2E78D8D1EEC4A47008E2EAB;
			remoteInfo = MapRecorder;
		};
/* End PBXContainerItemProxy section */

/* Begin PBXFileReference section */
		25C08FFA9AC4F8545168BB46 /* Pods-MapRecorder.debug.xcconfig */ = {isa = PBXFileReference; includeInIndex = 1; lastKnownFileType = text.xcconfig; name = "Pods-MapRecorder.debug.xcconfig"; path = "Pods/Target Support Files/Pods-MapRecorder/Pods-MapRecorder.debug.xcconfig"; sourceTree = "<group>"; };
		2E507C5A263CE7FC629F444B /* libPods-MapRecorderTests.a */ = {isa = PBXFileReference; explicitFileType = archive.ar; includeInIndex = 0; path = "libPods-MapRecorderTests.a"; sourceTree = BUILT_PRODUCTS_DIR; };
		3857026808E8633D72B9A40E /* Pods-MapRecorderTests.debug.xcconfig */ = {isa = PBXFileReference; includeInIndex = 1; lastKnownFileType = text.xcconfig; name = "Pods-MapRecorderTests.debug.xcconfig"; path = "Pods/Target Support Files/Pods-MapRecorderTests/Pods-MapRecorderTests.debug.xcconfig"; sourceTree = "<group>"; };
		41BD92DC6F2B76792CFC035D /* Pods-MapRecorderUITests.release.xcconfig */ = {isa = PBXFileReference; includeInIndex = 1; lastKnownFileType = text.xcconfig; name = "Pods-MapRecorderUITests.release.xcconfig"; path = "Pods/Target Support Files/Pods-MapRecorderUITests/Pods-MapRecorderUITests.release.xcconfig"; sourceTree = "<group>"; };
		5367137DDD5670D4D7D71987 /* Pods-MapRecorderTests.release.xcconfig */ = {isa = PBXFileReference; includeInIndex = 1; lastKnownFileType = text.xcconfig; name = "Pods-MapRecorderTests.release.xcconfig"; path = "Pods/Target Support Files/Pods-MapRecorderTests/Pods-MapRecorderTests.release.xcconfig"; sourceTree = "<group>"; };
		82B236C37D1DA6ABA1F3F45B /* libPods-MapRecorderUITests.a */ = {isa = PBXFileReference; explicitFileType = archive.ar; includeInIndex = 0; path = "libPods-MapRecorderUITests.a"; sourceTree = BUILT_PRODUCTS_DIR; };
		A42A98B8DEF8F80D23EB8ABB /* libPods-MapRecorder.a */ = {isa = PBXFileReference; explicitFileType = archive.ar; includeInIndex = 0; path = "libPods-MapRecorder.a"; sourceTree = BUILT_PRODUCTS_DIR; };
		C205B1371EF03B6C005BEC99 /* JourneyLogger.h */ = {isa = PBXFileReference; fileEncoding = 4; lastKnownFileType = sourcecode.c.h; path = JourneyLogger.h; sourceTree = "<group>"; };
		C205B1381EF03B6C005BEC99 /* JourneyLogger.m */ = {isa = PBXFileReference; fileEncoding = 4; lastKnownFileType = sourcecode.c.objc; path = JourneyLogger.m; sourceTree = "<group>"; };
		C205B13A1EF03B82005BEC99 /* Log+CoreDataClass.h */ = {isa = PBXFileReference; fileEncoding = 4; lastKnownFileType = sourcecode.c.h; path = "Log+CoreDataClass.h"; sourceTree = "<group>"; };
		C205B13B1EF03B82005BEC99 /* Log+CoreDataClass.m */ = {isa = PBXFileReference; fileEncoding = 4; lastKnownFileType = sourcecode.c.objc; path = "Log+CoreDataClass.m"; sourceTree = "<group>"; };
		C205B13C1EF03B83005BEC99 /* Log+CoreDataProperties.h */ = {isa = PBXFileReference; fileEncoding = 4; lastKnownFileType = sourcecode.c.h; path = "Log+CoreDataProperties.h"; sourceTree = "<group>"; };
		C205B13D1EF03B83005BEC99 /* Log+CoreDataProperties.m */ = {isa = PBXFileReference; fileEncoding = 4; lastKnownFileType = sourcecode.c.objc; path = "Log+CoreDataProperties.m"; sourceTree = "<group>"; };
		C205F36D1EF02CAA000EBCC2 /* LocationHelper.h */ = {isa = PBXFileReference; fileEncoding = 4; lastKnownFileType = sourcecode.c.h; path = LocationHelper.h; sourceTree = "<group>"; };
		C205F36E1EF02CAA000EBCC2 /* LocationHelper.m */ = {isa = PBXFileReference; fileEncoding = 4; lastKnownFileType = sourcecode.c.objc; path = LocationHelper.m; sourceTree = "<group>"; };
		C2D517751EF1855200B6D61F /* MapRecorder.entitlements */ = {isa = PBXFileReference; lastKnownFileType = text.plist.entitlements; path = MapRecorder.entitlements; sourceTree = "<group>"; };
		C2E78D8E1EEC4A47008E2EAB /* MapRecorder.app */ = {isa = PBXFileReference; explicitFileType = wrapper.application; includeInIndex = 0; path = MapRecorder.app; sourceTree = BUILT_PRODUCTS_DIR; };
		C2E78D921EEC4A47008E2EAB /* main.m */ = {isa = PBXFileReference; lastKnownFileType = sourcecode.c.objc; path = main.m; sourceTree = "<group>"; };
		C2E78D941EEC4A47008E2EAB /* AppDelegate.h */ = {isa = PBXFileReference; lastKnownFileType = sourcecode.c.h; path = AppDelegate.h; sourceTree = "<group>"; };
		C2E78D951EEC4A47008E2EAB /* AppDelegate.m */ = {isa = PBXFileReference; lastKnownFileType = sourcecode.c.objc; path = AppDelegate.m; sourceTree = "<group>"; };
		C2E78D9B1EEC4A47008E2EAB /* Base */ = {isa = PBXFileReference; lastKnownFileType = file.storyboard; name = Base; path = Base.lproj/Main.storyboard; sourceTree = "<group>"; };
		C2E78D9D1EEC4A47008E2EAB /* Assets.xcassets */ = {isa = PBXFileReference; lastKnownFileType = folder.assetcatalog; path = Assets.xcassets; sourceTree = "<group>"; };
		C2E78DA01EEC4A47008E2EAB /* Base */ = {isa = PBXFileReference; lastKnownFileType = file.storyboard; name = Base; path = Base.lproj/LaunchScreen.storyboard; sourceTree = "<group>"; };
		C2E78DA21EEC4A47008E2EAB /* Info.plist */ = {isa = PBXFileReference; lastKnownFileType = text.plist.xml; path = Info.plist; sourceTree = "<group>"; };
		C2E78DA71EEC4A47008E2EAB /* MapRecorderTests.xctest */ = {isa = PBXFileReference; explicitFileType = wrapper.cfbundle; includeInIndex = 0; path = MapRecorderTests.xctest; sourceTree = BUILT_PRODUCTS_DIR; };
		C2E78DAB1EEC4A47008E2EAB /* MapRecorderTests.m */ = {isa = PBXFileReference; lastKnownFileType = sourcecode.c.objc; path = MapRecorderTests.m; sourceTree = "<group>"; };
		C2E78DAD1EEC4A47008E2EAB /* Info.plist */ = {isa = PBXFileReference; lastKnownFileType = text.plist.xml; path = Info.plist; sourceTree = "<group>"; };
		C2E78DB21EEC4A47008E2EAB /* MapRecorderUITests.xctest */ = {isa = PBXFileReference; explicitFileType = wrapper.cfbundle; includeInIndex = 0; path = MapRecorderUITests.xctest; sourceTree = BUILT_PRODUCTS_DIR; };
		C2E78DB61EEC4A47008E2EAB /* MapRecorderUITests.m */ = {isa = PBXFileReference; lastKnownFileType = sourcecode.c.objc; path = MapRecorderUITests.m; sourceTree = "<group>"; };
		C2E78DB81EEC4A47008E2EAB /* Info.plist */ = {isa = PBXFileReference; lastKnownFileType = text.plist.xml; path = Info.plist; sourceTree = "<group>"; };
		C2E78DC51EEC4EF7008E2EAB /* MapKit.framework */ = {isa = PBXFileReference; lastKnownFileType = wrapper.framework; name = MapKit.framework; path = System/Library/Frameworks/MapKit.framework; sourceTree = SDKROOT; };
		C2E78DC71EEC5CC9008E2EAB /* CoreLocation.framework */ = {isa = PBXFileReference; lastKnownFileType = wrapper.framework; name = CoreLocation.framework; path = System/Library/Frameworks/CoreLocation.framework; sourceTree = SDKROOT; };
		C2E78DCD1EED9540008E2EAB /* Localizable.strings */ = {isa = PBXFileReference; fileEncoding = 4; lastKnownFileType = text.plist.strings; path = Localizable.strings; sourceTree = "<group>"; };
		C2E78DD31EEDB4F2008E2EAB /* MapViewController.h */ = {isa = PBXFileReference; fileEncoding = 4; lastKnownFileType = sourcecode.c.h; path = MapViewController.h; sourceTree = "<group>"; };
		C2E78DD41EEDB4F2008E2EAB /* MapViewController.m */ = {isa = PBXFileReference; fileEncoding = 4; lastKnownFileType = sourcecode.c.objc; path = MapViewController.m; sourceTree = "<group>"; };
		C2E78DD61EEDB4F2008E2EAB /* Journey.h */ = {isa = PBXFileReference; fileEncoding = 4; lastKnownFileType = sourcecode.c.h; path = Journey.h; sourceTree = "<group>"; };
		C2E78DD71EEDB4F2008E2EAB /* Journey.m */ = {isa = PBXFileReference; fileEncoding = 4; lastKnownFileType = sourcecode.c.objc; path = Journey.m; sourceTree = "<group>"; };
		C2E78DDA1EEDB563008E2EAB /* CoreData.framework */ = {isa = PBXFileReference; lastKnownFileType = wrapper.framework; name = CoreData.framework; path = System/Library/Frameworks/CoreData.framework; sourceTree = SDKROOT; };
		C2E78DDD1EEDB771008E2EAB /* MapRecorder.xcdatamodel */ = {isa = PBXFileReference; lastKnownFileType = wrapper.xcdatamodel; path = MapRecorder.xcdatamodel; sourceTree = "<group>"; };
		C2E78DE41EEE9E9C008E2EAB /* ListViewController.h */ = {isa = PBXFileReference; fileEncoding = 4; lastKnownFileType = sourcecode.c.h; path = ListViewController.h; sourceTree = "<group>"; };
		C2E78DE51EEE9E9C008E2EAB /* ListViewController.m */ = {isa = PBXFileReference; fileEncoding = 4; lastKnownFileType = sourcecode.c.objc; path = ListViewController.m; sourceTree = "<group>"; };
		C2E78DE81EEE9EDC008E2EAB /* ListTableViewCell.h */ = {isa = PBXFileReference; fileEncoding = 4; lastKnownFileType = sourcecode.c.h; path = ListTableViewCell.h; sourceTree = "<group>"; };
		C2E78DE91EEE9EDC008E2EAB /* ListTableViewCell.m */ = {isa = PBXFileReference; fileEncoding = 4; lastKnownFileType = sourcecode.c.objc; path = ListTableViewCell.m; sourceTree = "<group>"; };
		C2E78DEA1EEE9EDC008E2EAB /* ListTableViewCell.xib */ = {isa = PBXFileReference; fileEncoding = 4; lastKnownFileType = file.xib; path = ListTableViewCell.xib; sourceTree = "<group>"; };
		C2E78DED1EEECECF008E2EAB /* JourneyDetailViewController.h */ = {isa = PBXFileReference; fileEncoding = 4; lastKnownFileType = sourcecode.c.h; path = JourneyDetailViewController.h; sourceTree = "<group>"; };
		C2E78DEE1EEECECF008E2EAB /* JourneyDetailViewController.m */ = {isa = PBXFileReference; fileEncoding = 4; lastKnownFileType = sourcecode.c.objc; path = JourneyDetailViewController.m; sourceTree = "<group>"; };
		C2FA7FA61EF1A88100CEF7F4 /* CloudKit.framework */ = {isa = PBXFileReference; lastKnownFileType = wrapper.framework; name = CloudKit.framework; path = System/Library/Frameworks/CloudKit.framework; sourceTree = SDKROOT; };
		CBA67EDD3341DB50A202F439 /* Pods-MapRecorderUITests.debug.xcconfig */ = {isa = PBXFileReference; includeInIndex = 1; lastKnownFileType = text.xcconfig; name = "Pods-MapRecorderUITests.debug.xcconfig"; path = "Pods/Target Support Files/Pods-MapRecorderUITests/Pods-MapRecorderUITests.debug.xcconfig"; sourceTree = "<group>"; };
		F859DA187CFB329A4C47839F /* Pods-MapRecorder.release.xcconfig */ = {isa = PBXFileReference; includeInIndex = 1; lastKnownFileType = text.xcconfig; name = "Pods-MapRecorder.release.xcconfig"; path = "Pods/Target Support Files/Pods-MapRecorder/Pods-MapRecorder.release.xcconfig"; sourceTree = "<group>"; };
/* End PBXFileReference section */

/* Begin PBXFrameworksBuildPhase section */
		C2E78D8B1EEC4A47008E2EAB /* Frameworks */ = {
			isa = PBXFrameworksBuildPhase;
			buildActionMask = 2147483647;
			files = (
				C2E78DE31EEDBA8B008E2EAB /* CoreData.framework in Frameworks */,
				C2E78DC81EEC5CC9008E2EAB /* CoreLocation.framework in Frameworks */,
				C2E78DC61EEC4EF7008E2EAB /* MapKit.framework in Frameworks */,
				D75640386763F46CC580FB96 /* libPods-MapRecorder.a in Frameworks */,
			);
			runOnlyForDeploymentPostprocessing = 0;
		};
		C2E78DA41EEC4A47008E2EAB /* Frameworks */ = {
			isa = PBXFrameworksBuildPhase;
			buildActionMask = 2147483647;
			files = (
				D3C0CF35FA6A8295904C8A84 /* libPods-MapRecorderTests.a in Frameworks */,
			);
			runOnlyForDeploymentPostprocessing = 0;
		};
		C2E78DAF1EEC4A47008E2EAB /* Frameworks */ = {
			isa = PBXFrameworksBuildPhase;
			buildActionMask = 2147483647;
			files = (
				9F4557309030CB06ABF6B0F7 /* libPods-MapRecorderUITests.a in Frameworks */,
			);
			runOnlyForDeploymentPostprocessing = 0;
		};
/* End PBXFrameworksBuildPhase section */

/* Begin PBXGroup section */
		2AE895AC7674DA5E4DD67E0B /* Pods */ = {
			isa = PBXGroup;
			children = (
				25C08FFA9AC4F8545168BB46 /* Pods-MapRecorder.debug.xcconfig */,
				F859DA187CFB329A4C47839F /* Pods-MapRecorder.release.xcconfig */,
				3857026808E8633D72B9A40E /* Pods-MapRecorderTests.debug.xcconfig */,
				5367137DDD5670D4D7D71987 /* Pods-MapRecorderTests.release.xcconfig */,
				CBA67EDD3341DB50A202F439 /* Pods-MapRecorderUITests.debug.xcconfig */,
				41BD92DC6F2B76792CFC035D /* Pods-MapRecorderUITests.release.xcconfig */,
			);
			name = Pods;
			sourceTree = "<group>";
		};
		C205B1301EF03691005BEC99 /* CoreData */ = {
			isa = PBXGroup;
			children = (
				C205B13A1EF03B82005BEC99 /* Log+CoreDataClass.h */,
				C205B13B1EF03B82005BEC99 /* Log+CoreDataClass.m */,
				C205B13C1EF03B83005BEC99 /* Log+CoreDataProperties.h */,
				C205B13D1EF03B83005BEC99 /* Log+CoreDataProperties.m */,
			);
			path = CoreData;
			sourceTree = "<group>";
		};
		C205F36C1EF02CAA000EBCC2 /* Helpers */ = {
			isa = PBXGroup;
			children = (
				C205B1371EF03B6C005BEC99 /* JourneyLogger.h */,
				C205B1381EF03B6C005BEC99 /* JourneyLogger.m */,
				C205F36D1EF02CAA000EBCC2 /* LocationHelper.h */,
				C205F36E1EF02CAA000EBCC2 /* LocationHelper.m */,
			);
			path = Helpers;
			sourceTree = "<group>";
		};
		C2E78D851EEC4A47008E2EAB = {
			isa = PBXGroup;
			children = (
				C2E78D901EEC4A47008E2EAB /* MapRecorder */,
				C2E78DAA1EEC4A47008E2EAB /* MapRecorderTests */,
				C2E78DB51EEC4A47008E2EAB /* MapRecorderUITests */,
				C2E78D8F1EEC4A47008E2EAB /* Products */,
				C2E78DC41EEC4EF7008E2EAB /* Frameworks */,
				2AE895AC7674DA5E4DD67E0B /* Pods */,
			);
			sourceTree = "<group>";
		};
		C2E78D8F1EEC4A47008E2EAB /* Products */ = {
			isa = PBXGroup;
			children = (
				C2E78D8E1EEC4A47008E2EAB /* MapRecorder.app */,
				C2E78DA71EEC4A47008E2EAB /* MapRecorderTests.xctest */,
				C2E78DB21EEC4A47008E2EAB /* MapRecorderUITests.xctest */,
			);
			name = Products;
			sourceTree = "<group>";
		};
		C2E78D901EEC4A47008E2EAB /* MapRecorder */ = {
			isa = PBXGroup;
			children = (
				C2E78DD21EEDB4F2008E2EAB /* Controllers */,
				C2E78DD51EEDB4F2008E2EAB /* Models */,
				C2E78D941EEC4A47008E2EAB /* AppDelegate.h */,
				C2E78D951EEC4A47008E2EAB /* AppDelegate.m */,
				C2E78D9A1EEC4A47008E2EAB /* Main.storyboard */,
				C2E78D9D1EEC4A47008E2EAB /* Assets.xcassets */,
				C2E78D9F1EEC4A47008E2EAB /* LaunchScreen.storyboard */,
				C2E78D911EEC4A47008E2EAB /* Supporting Files */,
			);
			path = MapRecorder;
			sourceTree = "<group>";
		};
		C2E78D911EEC4A47008E2EAB /* Supporting Files */ = {
			isa = PBXGroup;
			children = (
				C2D517751EF1855200B6D61F /* MapRecorder.entitlements */,
				C2E78DA21EEC4A47008E2EAB /* Info.plist */,
				C2E78D921EEC4A47008E2EAB /* main.m */,
				C2E78DCD1EED9540008E2EAB /* Localizable.strings */,
				C2E78DDC1EEDB771008E2EAB /* MapRecorder.xcdatamodeld */,
			);
			name = "Supporting Files";
			sourceTree = "<group>";
		};
		C2E78DAA1EEC4A47008E2EAB /* MapRecorderTests */ = {
			isa = PBXGroup;
			children = (
				C2E78DAB1EEC4A47008E2EAB /* MapRecorderTests.m */,
				C2E78DAD1EEC4A47008E2EAB /* Info.plist */,
			);
			path = MapRecorderTests;
			sourceTree = "<group>";
		};
		C2E78DB51EEC4A47008E2EAB /* MapRecorderUITests */ = {
			isa = PBXGroup;
			children = (
				C2E78DB61EEC4A47008E2EAB /* MapRecorderUITests.m */,
				C2E78DB81EEC4A47008E2EAB /* Info.plist */,
			);
			path = MapRecorderUITests;
			sourceTree = "<group>";
		};
		C2E78DC41EEC4EF7008E2EAB /* Frameworks */ = {
			isa = PBXGroup;
			children = (
				C2FA7FA61EF1A88100CEF7F4 /* CloudKit.framework */,
				C2E78DDA1EEDB563008E2EAB /* CoreData.framework */,
				C2E78DC71EEC5CC9008E2EAB /* CoreLocation.framework */,
				C2E78DC51EEC4EF7008E2EAB /* MapKit.framework */,
				A42A98B8DEF8F80D23EB8ABB /* libPods-MapRecorder.a */,
				2E507C5A263CE7FC629F444B /* libPods-MapRecorderTests.a */,
				82B236C37D1DA6ABA1F3F45B /* libPods-MapRecorderUITests.a */,
			);
			name = Frameworks;
			sourceTree = "<group>";
		};
		C2E78DD21EEDB4F2008E2EAB /* Controllers */ = {
			isa = PBXGroup;
			children = (
				C205F36C1EF02CAA000EBCC2 /* Helpers */,
				C2E78DE71EEE9EC7008E2EAB /* Cells */,
				C2E78DD31EEDB4F2008E2EAB /* MapViewController.h */,
				C2E78DD41EEDB4F2008E2EAB /* MapViewController.m */,
				C2E78DE41EEE9E9C008E2EAB /* ListViewController.h */,
				C2E78DE51EEE9E9C008E2EAB /* ListViewController.m */,
				C2E78DED1EEECECF008E2EAB /* JourneyDetailViewController.h */,
				C2E78DEE1EEECECF008E2EAB /* JourneyDetailViewController.m */,
			);
			path = Controllers;
			sourceTree = "<group>";
		};
		C2E78DD51EEDB4F2008E2EAB /* Models */ = {
			isa = PBXGroup;
			children = (
				C205B1301EF03691005BEC99 /* CoreData */,
				C2E78DD61EEDB4F2008E2EAB /* Journey.h */,
				C2E78DD71EEDB4F2008E2EAB /* Journey.m */,
			);
			path = Models;
			sourceTree = "<group>";
		};
		C2E78DE71EEE9EC7008E2EAB /* Cells */ = {
			isa = PBXGroup;
			children = (
				C2E78DE81EEE9EDC008E2EAB /* ListTableViewCell.h */,
				C2E78DE91EEE9EDC008E2EAB /* ListTableViewCell.m */,
				C2E78DEA1EEE9EDC008E2EAB /* ListTableViewCell.xib */,
			);
			path = Cells;
			sourceTree = "<group>";
		};
/* End PBXGroup section */

/* Begin PBXNativeTarget section */
		C2E78D8D1EEC4A47008E2EAB /* MapRecorder */ = {
			isa = PBXNativeTarget;
			buildConfigurationList = C2E78DBB1EEC4A47008E2EAB /* Build configuration list for PBXNativeTarget "MapRecorder" */;
			buildPhases = (
				F1B1EA0713336148A67AF95C /* [CP] Check Pods Manifest.lock */,
				C2E78D8A1EEC4A47008E2EAB /* Sources */,
				C2E78D8B1EEC4A47008E2EAB /* Frameworks */,
				C2E78D8C1EEC4A47008E2EAB /* Resources */,
				6E9D7E362DF471A08E0BE36A /* [CP] Embed Pods Frameworks */,
				837413EB3B5EB928CDC01BB2 /* [CP] Copy Pods Resources */,
			);
			buildRules = (
			);
			dependencies = (
			);
			name = MapRecorder;
			productName = MapRecorder;
			productReference = C2E78D8E1EEC4A47008E2EAB /* MapRecorder.app */;
			productType = "com.apple.product-type.application";
		};
		C2E78DA61EEC4A47008E2EAB /* MapRecorderTests */ = {
			isa = PBXNativeTarget;
			buildConfigurationList = C2E78DBE1EEC4A47008E2EAB /* Build configuration list for PBXNativeTarget "MapRecorderTests" */;
			buildPhases = (
				D430567F2769BB5677DEC586 /* [CP] Check Pods Manifest.lock */,
				C2E78DA31EEC4A47008E2EAB /* Sources */,
				C2E78DA41EEC4A47008E2EAB /* Frameworks */,
				C2E78DA51EEC4A47008E2EAB /* Resources */,
				9CB7B0C5096165E2651A5057 /* [CP] Embed Pods Frameworks */,
				F5C9FD8CC0967886169DA33D /* [CP] Copy Pods Resources */,
			);
			buildRules = (
			);
			dependencies = (
				C2E78DA91EEC4A47008E2EAB /* PBXTargetDependency */,
			);
			name = MapRecorderTests;
			productName = MapRecorderTests;
			productReference = C2E78DA71EEC4A47008E2EAB /* MapRecorderTests.xctest */;
			productType = "com.apple.product-type.bundle.unit-test";
		};
		C2E78DB11EEC4A47008E2EAB /* MapRecorderUITests */ = {
			isa = PBXNativeTarget;
			buildConfigurationList = C2E78DC11EEC4A47008E2EAB /* Build configuration list for PBXNativeTarget "MapRecorderUITests" */;
			buildPhases = (
				B69A25484A55757692D75874 /* [CP] Check Pods Manifest.lock */,
				C2E78DAE1EEC4A47008E2EAB /* Sources */,
				C2E78DAF1EEC4A47008E2EAB /* Frameworks */,
				C2E78DB01EEC4A47008E2EAB /* Resources */,
				BC6BE2C3A6CCF541E6D89B11 /* [CP] Embed Pods Frameworks */,
				E636F54CC1AC5ABB379DBB0D /* [CP] Copy Pods Resources */,
			);
			buildRules = (
			);
			dependencies = (
				C2E78DB41EEC4A47008E2EAB /* PBXTargetDependency */,
			);
			name = MapRecorderUITests;
			productName = MapRecorderUITests;
			productReference = C2E78DB21EEC4A47008E2EAB /* MapRecorderUITests.xctest */;
			productType = "com.apple.product-type.bundle.ui-testing";
		};
/* End PBXNativeTarget section */

/* Begin PBXProject section */
		C2E78D861EEC4A47008E2EAB /* Project object */ = {
			isa = PBXProject;
			attributes = {
				LastUpgradeCheck = 0830;
				ORGANIZATIONNAME = "Ana Neto";
				TargetAttributes = {
					C2E78D8D1EEC4A47008E2EAB = {
						CreatedOnToolsVersion = 8.3.3;
						DevelopmentTeam = X82N4CHKBS;
						ProvisioningStyle = Automatic;
						SystemCapabilities = {
							com.apple.BackgroundModes = {
								enabled = 1;
							};
							com.apple.DataProtection = {
								enabled = 1;
							};
						};
					};
					C2E78DA61EEC4A47008E2EAB = {
						CreatedOnToolsVersion = 8.3.3;
						DevelopmentTeam = X82N4CHKBS;
						ProvisioningStyle = Automatic;
						TestTargetID = C2E78D8D1EEC4A47008E2EAB;
					};
					C2E78DB11EEC4A47008E2EAB = {
						CreatedOnToolsVersion = 8.3.3;
						DevelopmentTeam = X82N4CHKBS;
						ProvisioningStyle = Automatic;
						TestTargetID = C2E78D8D1EEC4A47008E2EAB;
					};
				};
			};
			buildConfigurationList = C2E78D891EEC4A47008E2EAB /* Build configuration list for PBXProject "MapRecorder" */;
			compatibilityVersion = "Xcode 3.2";
			developmentRegion = English;
			hasScannedForEncodings = 0;
			knownRegions = (
				en,
				Base,
			);
			mainGroup = C2E78D851EEC4A47008E2EAB;
			productRefGroup = C2E78D8F1EEC4A47008E2EAB /* Products */;
			projectDirPath = "";
			projectRoot = "";
			targets = (
				C2E78D8D1EEC4A47008E2EAB /* MapRecorder */,
				C2E78DA61EEC4A47008E2EAB /* MapRecorderTests */,
				C2E78DB11EEC4A47008E2EAB /* MapRecorderUITests */,
			);
		};
/* End PBXProject section */

/* Begin PBXResourcesBuildPhase section */
		C2E78D8C1EEC4A47008E2EAB /* Resources */ = {
			isa = PBXResourcesBuildPhase;
			buildActionMask = 2147483647;
			files = (
				C205B1401EF03BE5005BEC99 /* MapRecorder.xcdatamodeld in Resources */,
				C2E78DA11EEC4A47008E2EAB /* LaunchScreen.storyboard in Resources */,
				C2E78DCE1EED9540008E2EAB /* Localizable.strings in Resources */,
				C2E78D9E1EEC4A47008E2EAB /* Assets.xcassets in Resources */,
				C2E78D9C1EEC4A47008E2EAB /* Main.storyboard in Resources */,
				C2E78DEC1EEE9EDC008E2EAB /* ListTableViewCell.xib in Resources */,
			);
			runOnlyForDeploymentPostprocessing = 0;
		};
		C2E78DA51EEC4A47008E2EAB /* Resources */ = {
			isa = PBXResourcesBuildPhase;
			buildActionMask = 2147483647;
			files = (
			);
			runOnlyForDeploymentPostprocessing = 0;
		};
		C2E78DB01EEC4A47008E2EAB /* Resources */ = {
			isa = PBXResourcesBuildPhase;
			buildActionMask = 2147483647;
			files = (
			);
			runOnlyForDeploymentPostprocessing = 0;
		};
/* End PBXResourcesBuildPhase section */

/* Begin PBXShellScriptBuildPhase section */
		6E9D7E362DF471A08E0BE36A /* [CP] Embed Pods Frameworks */ = {
			isa = PBXShellScriptBuildPhase;
			buildActionMask = 2147483647;
			files = (
			);
			inputPaths = (
			);
			name = "[CP] Embed Pods Frameworks";
			outputPaths = (
			);
			runOnlyForDeploymentPostprocessing = 0;
			shellPath = /bin/sh;
			shellScript = "\"${SRCROOT}/Pods/Target Support Files/Pods-MapRecorder/Pods-MapRecorder-frameworks.sh\"\n";
			showEnvVarsInLog = 0;
		};
		837413EB3B5EB928CDC01BB2 /* [CP] Copy Pods Resources */ = {
			isa = PBXShellScriptBuildPhase;
			buildActionMask = 2147483647;
			files = (
			);
			inputPaths = (
			);
			name = "[CP] Copy Pods Resources";
			outputPaths = (
			);
			runOnlyForDeploymentPostprocessing = 0;
			shellPath = /bin/sh;
			shellScript = "\"${SRCROOT}/Pods/Target Support Files/Pods-MapRecorder/Pods-MapRecorder-resources.sh\"\n";
			showEnvVarsInLog = 0;
		};
		9CB7B0C5096165E2651A5057 /* [CP] Embed Pods Frameworks */ = {
			isa = PBXShellScriptBuildPhase;
			buildActionMask = 2147483647;
			files = (
			);
			inputPaths = (
			);
			name = "[CP] Embed Pods Frameworks";
			outputPaths = (
			);
			runOnlyForDeploymentPostprocessing = 0;
			shellPath = /bin/sh;
			shellScript = "\"${SRCROOT}/Pods/Target Support Files/Pods-MapRecorderTests/Pods-MapRecorderTests-frameworks.sh\"\n";
			showEnvVarsInLog = 0;
		};
		B69A25484A55757692D75874 /* [CP] Check Pods Manifest.lock */ = {
			isa = PBXShellScriptBuildPhase;
			buildActionMask = 2147483647;
			files = (
			);
			inputPaths = (
			);
			name = "[CP] Check Pods Manifest.lock";
			outputPaths = (
			);
			runOnlyForDeploymentPostprocessing = 0;
			shellPath = /bin/sh;
			shellScript = "diff \"${PODS_PODFILE_DIR_PATH}/Podfile.lock\" \"${PODS_ROOT}/Manifest.lock\" > /dev/null\nif [ $? != 0 ] ; then\n    # print error to STDERR\n    echo \"error: The sandbox is not in sync with the Podfile.lock. Run 'pod install' or update your CocoaPods installation.\" >&2\n    exit 1\nfi\n";
			showEnvVarsInLog = 0;
		};
		BC6BE2C3A6CCF541E6D89B11 /* [CP] Embed Pods Frameworks */ = {
			isa = PBXShellScriptBuildPhase;
			buildActionMask = 2147483647;
			files = (
			);
			inputPaths = (
			);
			name = "[CP] Embed Pods Frameworks";
			outputPaths = (
			);
			runOnlyForDeploymentPostprocessing = 0;
			shellPath = /bin/sh;
			shellScript = "\"${SRCROOT}/Pods/Target Support Files/Pods-MapRecorderUITests/Pods-MapRecorderUITests-frameworks.sh\"\n";
			showEnvVarsInLog = 0;
		};
		D430567F2769BB5677DEC586 /* [CP] Check Pods Manifest.lock */ = {
			isa = PBXShellScriptBuildPhase;
			buildActionMask = 2147483647;
			files = (
			);
			inputPaths = (
			);
			name = "[CP] Check Pods Manifest.lock";
			outputPaths = (
			);
			runOnlyForDeploymentPostprocessing = 0;
			shellPath = /bin/sh;
			shellScript = "diff \"${PODS_PODFILE_DIR_PATH}/Podfile.lock\" \"${PODS_ROOT}/Manifest.lock\" > /dev/null\nif [ $? != 0 ] ; then\n    # print error to STDERR\n    echo \"error: The sandbox is not in sync with the Podfile.lock. Run 'pod install' or update your CocoaPods installation.\" >&2\n    exit 1\nfi\n";
			showEnvVarsInLog = 0;
		};
		E636F54CC1AC5ABB379DBB0D /* [CP] Copy Pods Resources */ = {
			isa = PBXShellScriptBuildPhase;
			buildActionMask = 2147483647;
			files = (
			);
			inputPaths = (
			);
			name = "[CP] Copy Pods Resources";
			outputPaths = (
			);
			runOnlyForDeploymentPostprocessing = 0;
			shellPath = /bin/sh;
			shellScript = "\"${SRCROOT}/Pods/Target Support Files/Pods-MapRecorderUITests/Pods-MapRecorderUITests-resources.sh\"\n";
			showEnvVarsInLog = 0;
		};
		F1B1EA0713336148A67AF95C /* [CP] Check Pods Manifest.lock */ = {
			isa = PBXShellScriptBuildPhase;
			buildActionMask = 2147483647;
			files = (
			);
			inputPaths = (
			);
			name = "[CP] Check Pods Manifest.lock";
			outputPaths = (
			);
			runOnlyForDeploymentPostprocessing = 0;
			shellPath = /bin/sh;
			shellScript = "diff \"${PODS_PODFILE_DIR_PATH}/Podfile.lock\" \"${PODS_ROOT}/Manifest.lock\" > /dev/null\nif [ $? != 0 ] ; then\n    # print error to STDERR\n    echo \"error: The sandbox is not in sync with the Podfile.lock. Run 'pod install' or update your CocoaPods installation.\" >&2\n    exit 1\nfi\n";
			showEnvVarsInLog = 0;
		};
		F5C9FD8CC0967886169DA33D /* [CP] Copy Pods Resources */ = {
			isa = PBXShellScriptBuildPhase;
			buildActionMask = 2147483647;
			files = (
			);
			inputPaths = (
			);
			name = "[CP] Copy Pods Resources";
			outputPaths = (
			);
			runOnlyForDeploymentPostprocessing = 0;
			shellPath = /bin/sh;
			shellScript = "\"${SRCROOT}/Pods/Target Support Files/Pods-MapRecorderTests/Pods-MapRecorderTests-resources.sh\"\n";
			showEnvVarsInLog = 0;
		};
/* End PBXShellScriptBuildPhase section */

/* Begin PBXSourcesBuildPhase section */
		C2E78D8A1EEC4A47008E2EAB /* Sources */ = {
			isa = PBXSourcesBuildPhase;
			buildActionMask = 2147483647;
			files = (
				C2E78DD91EEDB4F2008E2EAB /* Journey.m in Sources */,
				C205B1391EF03B6C005BEC99 /* JourneyLogger.m in Sources */,
				C205B13E1EF03B83005BEC99 /* Log+CoreDataClass.m in Sources */,
				C2E78DE61EEE9E9C008E2EAB /* ListViewController.m in Sources */,
				C2E78DD81EEDB4F2008E2EAB /* MapViewController.m in Sources */,
				C2E78DEF1EEECECF008E2EAB /* JourneyDetailViewController.m in Sources */,
				C205B13F1EF03B83005BEC99 /* Log+CoreDataProperties.m in Sources */,
				C205F36F1EF02CAA000EBCC2 /* LocationHelper.m in Sources */,
				C2E78DEB1EEE9EDC008E2EAB /* ListTableViewCell.m in Sources */,
				C2E78D961EEC4A47008E2EAB /* AppDelegate.m in Sources */,
				C2E78D931EEC4A47008E2EAB /* main.m in Sources */,
			);
			runOnlyForDeploymentPostprocessing = 0;
		};
		C2E78DA31EEC4A47008E2EAB /* Sources */ = {
			isa = PBXSourcesBuildPhase;
			buildActionMask = 2147483647;
			files = (
				C2E78DAC1EEC4A47008E2EAB /* MapRecorderTests.m in Sources */,
			);
			runOnlyForDeploymentPostprocessing = 0;
		};
		C2E78DAE1EEC4A47008E2EAB /* Sources */ = {
			isa = PBXSourcesBuildPhase;
			buildActionMask = 2147483647;
			files = (
				C2E78DB71EEC4A47008E2EAB /* MapRecorderUITests.m in Sources */,
			);
			runOnlyForDeploymentPostprocessing = 0;
		};
/* End PBXSourcesBuildPhase section */

/* Begin PBXTargetDependency section */
		C2E78DA91EEC4A47008E2EAB /* PBXTargetDependency */ = {
			isa = PBXTargetDependency;
			target = C2E78D8D1EEC4A47008E2EAB /* MapRecorder */;
			targetProxy = C2E78DA81EEC4A47008E2EAB /* PBXContainerItemProxy */;
		};
		C2E78DB41EEC4A47008E2EAB /* PBXTargetDependency */ = {
			isa = PBXTargetDependency;
			target = C2E78D8D1EEC4A47008E2EAB /* MapRecorder */;
			targetProxy = C2E78DB31EEC4A47008E2EAB /* PBXContainerItemProxy */;
		};
/* End PBXTargetDependency section */

/* Begin PBXVariantGroup section */
		C2E78D9A1EEC4A47008E2EAB /* Main.storyboard */ = {
			isa = PBXVariantGroup;
			children = (
				C2E78D9B1EEC4A47008E2EAB /* Base */,
			);
			name = Main.storyboard;
			sourceTree = "<group>";
		};
		C2E78D9F1EEC4A47008E2EAB /* LaunchScreen.storyboard */ = {
			isa = PBXVariantGroup;
			children = (
				C2E78DA01EEC4A47008E2EAB /* Base */,
			);
			name = LaunchScreen.storyboard;
			sourceTree = "<group>";
		};
/* End PBXVariantGroup section */

/* Begin XCBuildConfiguration section */
		C2E78DB91EEC4A47008E2EAB /* Debug */ = {
			isa = XCBuildConfiguration;
			buildSettings = {
				ALWAYS_SEARCH_USER_PATHS = NO;
				CLANG_ANALYZER_NONNULL = YES;
				CLANG_ANALYZER_NUMBER_OBJECT_CONVERSION = YES_AGGRESSIVE;
				CLANG_CXX_LANGUAGE_STANDARD = "gnu++0x";
				CLANG_CXX_LIBRARY = "libc++";
				CLANG_ENABLE_MODULES = YES;
				CLANG_ENABLE_OBJC_ARC = YES;
				CLANG_WARN_BOOL_CONVERSION = YES;
				CLANG_WARN_CONSTANT_CONVERSION = YES;
				CLANG_WARN_DIRECT_OBJC_ISA_USAGE = YES_ERROR;
				CLANG_WARN_DOCUMENTATION_COMMENTS = YES;
				CLANG_WARN_EMPTY_BODY = YES;
				CLANG_WARN_ENUM_CONVERSION = YES;
				CLANG_WARN_INFINITE_RECURSION = YES;
				CLANG_WARN_INT_CONVERSION = YES;
				CLANG_WARN_OBJC_ROOT_CLASS = YES_ERROR;
				CLANG_WARN_SUSPICIOUS_MOVE = YES;
				CLANG_WARN_UNREACHABLE_CODE = YES;
				CLANG_WARN__DUPLICATE_METHOD_MATCH = YES;
				"CODE_SIGN_IDENTITY[sdk=iphoneos*]" = "iPhone Developer";
				COPY_PHASE_STRIP = NO;
				DEBUG_INFORMATION_FORMAT = dwarf;
				ENABLE_STRICT_OBJC_MSGSEND = YES;
				ENABLE_TESTABILITY = YES;
				GCC_C_LANGUAGE_STANDARD = gnu99;
				GCC_DYNAMIC_NO_PIC = NO;
				GCC_NO_COMMON_BLOCKS = YES;
				GCC_OPTIMIZATION_LEVEL = 0;
				GCC_PREPROCESSOR_DEFINITIONS = (
					"DEBUG=1",
					"$(inherited)",
				);
				GCC_WARN_64_TO_32_BIT_CONVERSION = YES;
				GCC_WARN_ABOUT_RETURN_TYPE = YES_ERROR;
				GCC_WARN_UNDECLARED_SELECTOR = YES;
				GCC_WARN_UNINITIALIZED_AUTOS = YES_AGGRESSIVE;
				GCC_WARN_UNUSED_FUNCTION = YES;
				GCC_WARN_UNUSED_VARIABLE = YES;
				IPHONEOS_DEPLOYMENT_TARGET = 10.3;
				MTL_ENABLE_DEBUG_INFO = YES;
				ONLY_ACTIVE_ARCH = YES;
				SDKROOT = iphoneos;
				TARGETED_DEVICE_FAMILY = "1,2";
			};
			name = Debug;
		};
		C2E78DBA1EEC4A47008E2EAB /* Release */ = {
			isa = XCBuildConfiguration;
			buildSettings = {
				ALWAYS_SEARCH_USER_PATHS = NO;
				CLANG_ANALYZER_NONNULL = YES;
				CLANG_ANALYZER_NUMBER_OBJECT_CONVERSION = YES_AGGRESSIVE;
				CLANG_CXX_LANGUAGE_STANDARD = "gnu++0x";
				CLANG_CXX_LIBRARY = "libc++";
				CLANG_ENABLE_MODULES = YES;
				CLANG_ENABLE_OBJC_ARC = YES;
				CLANG_WARN_BOOL_CONVERSION = YES;
				CLANG_WARN_CONSTANT_CONVERSION = YES;
				CLANG_WARN_DIRECT_OBJC_ISA_USAGE = YES_ERROR;
				CLANG_WARN_DOCUMENTATION_COMMENTS = YES;
				CLANG_WARN_EMPTY_BODY = YES;
				CLANG_WARN_ENUM_CONVERSION = YES;
				CLANG_WARN_INFINITE_RECURSION = YES;
				CLANG_WARN_INT_CONVERSION = YES;
				CLANG_WARN_OBJC_ROOT_CLASS = YES_ERROR;
				CLANG_WARN_SUSPICIOUS_MOVE = YES;
				CLANG_WARN_UNREACHABLE_CODE = YES;
				CLANG_WARN__DUPLICATE_METHOD_MATCH = YES;
				"CODE_SIGN_IDENTITY[sdk=iphoneos*]" = "iPhone Developer";
				COPY_PHASE_STRIP = NO;
				DEBUG_INFORMATION_FORMAT = "dwarf-with-dsym";
				ENABLE_NS_ASSERTIONS = NO;
				ENABLE_STRICT_OBJC_MSGSEND = YES;
				GCC_C_LANGUAGE_STANDARD = gnu99;
				GCC_NO_COMMON_BLOCKS = YES;
				GCC_WARN_64_TO_32_BIT_CONVERSION = YES;
				GCC_WARN_ABOUT_RETURN_TYPE = YES_ERROR;
				GCC_WARN_UNDECLARED_SELECTOR = YES;
				GCC_WARN_UNINITIALIZED_AUTOS = YES_AGGRESSIVE;
				GCC_WARN_UNUSED_FUNCTION = YES;
				GCC_WARN_UNUSED_VARIABLE = YES;
				IPHONEOS_DEPLOYMENT_TARGET = 10.3;
				MTL_ENABLE_DEBUG_INFO = NO;
				SDKROOT = iphoneos;
				TARGETED_DEVICE_FAMILY = "1,2";
				VALIDATE_PRODUCT = YES;
			};
			name = Release;
		};
		C2E78DBC1EEC4A47008E2EAB /* Debug */ = {
			isa = XCBuildConfiguration;
			baseConfigurationReference = 25C08FFA9AC4F8545168BB46 /* Pods-MapRecorder.debug.xcconfig */;
			buildSettings = {
				ASSETCATALOG_COMPILER_APPICON_NAME = AppIcon;
				CODE_SIGN_ENTITLEMENTS = MapRecorder/MapRecorder.entitlements;
				DEVELOPMENT_TEAM = X82N4CHKBS;
				INFOPLIST_FILE = MapRecorder/Info.plist;
				LD_RUNPATH_SEARCH_PATHS = "$(inherited) @executable_path/Frameworks";
				PRODUCT_BUNDLE_IDENTIFIER = com.test.MapRecorder;
				PRODUCT_NAME = "$(TARGET_NAME)";
			};
			name = Debug;
		};
		C2E78DBD1EEC4A47008E2EAB /* Release */ = {
			isa = XCBuildConfiguration;
			baseConfigurationReference = F859DA187CFB329A4C47839F /* Pods-MapRecorder.release.xcconfig */;
			buildSettings = {
				ASSETCATALOG_COMPILER_APPICON_NAME = AppIcon;
				CODE_SIGN_ENTITLEMENTS = MapRecorder/MapRecorder.entitlements;
				DEVELOPMENT_TEAM = X82N4CHKBS;
				INFOPLIST_FILE = MapRecorder/Info.plist;
				LD_RUNPATH_SEARCH_PATHS = "$(inherited) @executable_path/Frameworks";
				PRODUCT_BUNDLE_IDENTIFIER = com.test.MapRecorder;
				PRODUCT_NAME = "$(TARGET_NAME)";
			};
			name = Release;
		};
		C2E78DBF1EEC4A47008E2EAB /* Debug */ = {
			isa = XCBuildConfiguration;
			baseConfigurationReference = 3857026808E8633D72B9A40E /* Pods-MapRecorderTests.debug.xcconfig */;
			buildSettings = {
				BUNDLE_LOADER = "$(TEST_HOST)";
				DEVELOPMENT_TEAM = X82N4CHKBS;
				INFOPLIST_FILE = MapRecorderTests/Info.plist;
				LD_RUNPATH_SEARCH_PATHS = "$(inherited) @executable_path/Frameworks @loader_path/Frameworks";
				PRODUCT_BUNDLE_IDENTIFIER = com.test.MapRecorderTests;
				PRODUCT_NAME = "$(TARGET_NAME)";
				TEST_HOST = "$(BUILT_PRODUCTS_DIR)/MapRecorder.app/MapRecorder";
			};
			name = Debug;
		};
		C2E78DC01EEC4A47008E2EAB /* Release */ = {
			isa = XCBuildConfiguration;
			baseConfigurationReference = 5367137DDD5670D4D7D71987 /* Pods-MapRecorderTests.release.xcconfig */;
			buildSettings = {
				BUNDLE_LOADER = "$(TEST_HOST)";
				DEVELOPMENT_TEAM = X82N4CHKBS;
				INFOPLIST_FILE = MapRecorderTests/Info.plist;
				LD_RUNPATH_SEARCH_PATHS = "$(inherited) @executable_path/Frameworks @loader_path/Frameworks";
				PRODUCT_BUNDLE_IDENTIFIER = com.test.MapRecorderTests;
				PRODUCT_NAME = "$(TARGET_NAME)";
				TEST_HOST = "$(BUILT_PRODUCTS_DIR)/MapRecorder.app/MapRecorder";
			};
			name = Release;
		};
		C2E78DC21EEC4A47008E2EAB /* Debug */ = {
			isa = XCBuildConfiguration;
			baseConfigurationReference = CBA67EDD3341DB50A202F439 /* Pods-MapRecorderUITests.debug.xcconfig */;
			buildSettings = {
				DEVELOPMENT_TEAM = X82N4CHKBS;
				INFOPLIST_FILE = MapRecorderUITests/Info.plist;
				LD_RUNPATH_SEARCH_PATHS = "$(inherited) @executable_path/Frameworks @loader_path/Frameworks";
				PRODUCT_BUNDLE_IDENTIFIER = com.test.MapRecorderUITests;
				PRODUCT_NAME = "$(TARGET_NAME)";
				TEST_TARGET_NAME = MapRecorder;
			};
			name = Debug;
		};
		C2E78DC31EEC4A47008E2EAB /* Release */ = {
			isa = XCBuildConfiguration;
			baseConfigurationReference = 41BD92DC6F2B76792CFC035D /* Pods-MapRecorderUITests.release.xcconfig */;
			buildSettings = {
				DEVELOPMENT_TEAM = X82N4CHKBS;
				INFOPLIST_FILE = MapRecorderUITests/Info.plist;
				LD_RUNPATH_SEARCH_PATHS = "$(inherited) @executable_path/Frameworks @loader_path/Frameworks";
				PRODUCT_BUNDLE_IDENTIFIER = com.test.MapRecorderUITests;
				PRODUCT_NAME = "$(TARGET_NAME)";
				TEST_TARGET_NAME = MapRecorder;
			};
			name = Release;
		};
/* End XCBuildConfiguration section */

/* Begin XCConfigurationList section */
		C2E78D891EEC4A47008E2EAB /* Build configuration list for PBXProject "MapRecorder" */ = {
			isa = XCConfigurationList;
			buildConfigurations = (
				C2E78DB91EEC4A47008E2EAB /* Debug */,
				C2E78DBA1EEC4A47008E2EAB /* Release */,
			);
			defaultConfigurationIsVisible = 0;
			defaultConfigurationName = Release;
		};
		C2E78DBB1EEC4A47008E2EAB /* Build configuration list for PBXNativeTarget "MapRecorder" */ = {
			isa = XCConfigurationList;
			buildConfigurations = (
				C2E78DBC1EEC4A47008E2EAB /* Debug */,
				C2E78DBD1EEC4A47008E2EAB /* Release */,
			);
			defaultConfigurationIsVisible = 0;
			defaultConfigurationName = Release;
		};
		C2E78DBE1EEC4A47008E2EAB /* Build configuration list for PBXNativeTarget "MapRecorderTests" */ = {
			isa = XCConfigurationList;
			buildConfigurations = (
				C2E78DBF1EEC4A47008E2EAB /* Debug */,
				C2E78DC01EEC4A47008E2EAB /* Release */,
			);
			defaultConfigurationIsVisible = 0;
			defaultConfigurationName = Release;
		};
		C2E78DC11EEC4A47008E2EAB /* Build configuration list for PBXNativeTarget "MapRecorderUITests" */ = {
			isa = XCConfigurationList;
			buildConfigurations = (
				C2E78DC21EEC4A47008E2EAB /* Debug */,
				C2E78DC31EEC4A47008E2EAB /* Release */,
			);
			defaultConfigurationIsVisible = 0;
			defaultConfigurationName = Release;
		};
/* End XCConfigurationList section */

/* Begin XCVersionGroup section */
		C2E78DDC1EEDB771008E2EAB /* MapRecorder.xcdatamodeld */ = {
			isa = XCVersionGroup;
			children = (
				C2E78DDD1EEDB771008E2EAB /* MapRecorder.xcdatamodel */,
			);
			currentVersion = C2E78DDD1EEDB771008E2EAB /* MapRecorder.xcdatamodel */;
			path = MapRecorder.xcdatamodeld;
			sourceTree = "<group>";
			versionGroupType = wrapper.xcdatamodel;
		};
/* End XCVersionGroup section */
	};
	rootObject = C2E78D861EEC4A47008E2EAB /* Project object */;
}
