// !$*UTF8*$!
{
	archiveVersion = 1;
	classes = {
	};
	objectVersion = 46;
	objects = {

/* Begin PBXBuildFile section */
		C2E78D931EEC4A47008E2EAB /* main.m in Sources */ = {isa = PBXBuildFile; fileRef = C2E78D921EEC4A47008E2EAB /* main.m */; };
		C2E78D961EEC4A47008E2EAB /* AppDelegate.m in Sources */ = {isa = PBXBuildFile; fileRef = C2E78D951EEC4A47008E2EAB /* AppDelegate.m */; };
		C2E78D9C1EEC4A47008E2EAB /* Main.storyboard in Resources */ = {isa = PBXBuildFile; fileRef = C2E78D9A1EEC4A47008E2EAB /* Main.storyboard */; };
		C2E78D9E1EEC4A47008E2EAB /* Assets.xcassets in Resources */ = {isa = PBXBuildFile; fileRef = C2E78D9D1EEC4A47008E2EAB /* Assets.xcassets */; };
		C2E78DA11EEC4A47008E2EAB /* LaunchScreen.storyboard in Resources */ = {isa = PBXBuildFile; fileRef = C2E78D9F1EEC4A47008E2EAB /* LaunchScreen.storyboard */; };
		C2E78DAC1EEC4A47008E2EAB /* MapRecorderTests.m in Sources */ = {isa = PBXBuildFile; fileRef = C2E78DAB1EEC4A47008E2EAB /* MapRecorderTests.m */; };
		C2E78DB71EEC4A47008E2EAB /* MapRecorderUITests.m in Sources */ = {isa = PBXBuildFile; fileRef = C2E78DB61EEC4A47008E2EAB /* MapRecorderUITests.m */; };
		C2E78DC61EEC4EF7008E2EAB /* MapKit.framework in Frameworks */ = {isa = PBXBuildFile; fileRef = C2E78DC51EEC4EF7008E2EAB /* MapKit.framework */; };
		C2E78DC81EEC5CC9008E2EAB /* CoreLocation.framework in Frameworks */ = {isa = PBXBuildFile; fileRef = C2E78DC71EEC5CC9008E2EAB /* CoreLocation.framework */; };
		C2E78DCC1EEC6735008E2EAB /* MapViewController.m in Sources */ = {isa = PBXBuildFile; fileRef = C2E78DCB1EEC6735008E2EAB /* MapViewController.m */; };
		C2E78DCE1EED9540008E2EAB /* Localizable.strings in Resources */ = {isa = PBXBuildFile; fileRef = C2E78DCD1EED9540008E2EAB /* Localizable.strings */; };
		C2E78DD11EEDA57A008E2EAB /* Journey.m in Sources */ = {isa = PBXBuildFile; fileRef = C2E78DD01EEDA57A008E2EAB /* Journey.m */; };
/* End PBXBuildFile section */

/* Begin PBXContainerItemProxy section */
		C2E78DA81EEC4A47008E2EAB /* PBXContainerItemProxy */ = {
			isa = PBXContainerItemProxy;
			containerPortal = C2E78D861EEC4A47008E2EAB /* Project object */;
			proxyType = 1;
			remoteGlobalIDString = C2E78D8D1EEC4A47008E2EAB;
			remoteInfo = MapRecorder;
		};
		C2E78DB31EEC4A47008E2EAB /* PBXContainerItemProxy */ = {
			isa = PBXContainerItemProxy;
			containerPortal = C2E78D861EEC4A47008E2EAB /* Project object */;
			proxyType = 1;
			remoteGlobalIDString = C2E78D8D1EEC4A47008E2EAB;
			remoteInfo = MapRecorder;
		};
/* End PBXContainerItemProxy section */

/* Begin PBXFileReference section */
		C2E78D8E1EEC4A47008E2EAB /* MapRecorder.app */ = {isa = PBXFileReference; explicitFileType = wrapper.application; includeInIndex = 0; path = MapRecorder.app; sourceTree = BUILT_PRODUCTS_DIR; };
		C2E78D921EEC4A47008E2EAB /* main.m */ = {isa = PBXFileReference; lastKnownFileType = sourcecode.c.objc; path = main.m; sourceTree = "<group>"; };
		C2E78D941EEC4A47008E2EAB /* AppDelegate.h */ = {isa = PBXFileReference; lastKnownFileType = sourcecode.c.h; path = AppDelegate.h; sourceTree = "<group>"; };
		C2E78D951EEC4A47008E2EAB /* AppDelegate.m */ = {isa = PBXFileReference; lastKnownFileType = sourcecode.c.objc; path = AppDelegate.m; sourceTree = "<group>"; };
		C2E78D9B1EEC4A47008E2EAB /* Base */ = {isa = PBXFileReference; lastKnownFileType = file.storyboard; name = Base; path = Base.lproj/Main.storyboard; sourceTree = "<group>"; };
		C2E78D9D1EEC4A47008E2EAB /* Assets.xcassets */ = {isa = PBXFileReference; lastKnownFileType = folder.assetcatalog; path = Assets.xcassets; sourceTree = "<group>"; };
		C2E78DA01EEC4A47008E2EAB /* Base */ = {isa = PBXFileReference; lastKnownFileType = file.storyboard; name = Base; path = Base.lproj/LaunchScreen.storyboard; sourceTree = "<group>"; };
		C2E78DA21EEC4A47008E2EAB /* Info.plist */ = {isa = PBXFileReference; lastKnownFileType = text.plist.xml; path = Info.plist; sourceTree = "<group>"; };
		C2E78DA71EEC4A47008E2EAB /* MapRecorderTests.xctest */ = {isa = PBXFileReference; explicitFileType = wrapper.cfbundle; includeInIndex = 0; path = MapRecorderTests.xctest; sourceTree = BUILT_PRODUCTS_DIR; };
		C2E78DAB1EEC4A47008E2EAB /* MapRecorderTests.m */ = {isa = PBXFileReference; lastKnownFileType = sourcecode.c.objc; path = MapRecorderTests.m; sourceTree = "<group>"; };
		C2E78DAD1EEC4A47008E2EAB /* Info.plist */ = {isa = PBXFileReference; lastKnownFileType = text.plist.xml; path = Info.plist; sourceTree = "<group>"; };
		C2E78DB21EEC4A47008E2EAB /* MapRecorderUITests.xctest */ = {isa = PBXFileReference; explicitFileType = wrapper.cfbundle; includeInIndex = 0; path = MapRecorderUITests.xctest; sourceTree = BUILT_PRODUCTS_DIR; };
		C2E78DB61EEC4A47008E2EAB /* MapRecorderUITests.m */ = {isa = PBXFileReference; lastKnownFileType = sourcecode.c.objc; path = MapRecorderUITests.m; sourceTree = "<group>"; };
		C2E78DB81EEC4A47008E2EAB /* Info.plist */ = {isa = PBXFileReference; lastKnownFileType = text.plist.xml; path = Info.plist; sourceTree = "<group>"; };
		C2E78DC51EEC4EF7008E2EAB /* MapKit.framework */ = {isa = PBXFileReference; lastKnownFileType = wrapper.framework; name = MapKit.framework; path = System/Library/Frameworks/MapKit.framework; sourceTree = SDKROOT; };
		C2E78DC71EEC5CC9008E2EAB /* CoreLocation.framework */ = {isa = PBXFileReference; lastKnownFileType = wrapper.framework; name = CoreLocation.framework; path = System/Library/Frameworks/CoreLocation.framework; sourceTree = SDKROOT; };
		C2E78DCA1EEC6735008E2EAB /* MapViewController.h */ = {isa = PBXFileReference; fileEncoding = 4; lastKnownFileType = sourcecode.c.h; path = MapViewController.h; sourceTree = "<group>"; };
		C2E78DCB1EEC6735008E2EAB /* MapViewController.m */ = {isa = PBXFileReference; fileEncoding = 4; lastKnownFileType = sourcecode.c.objc; path = MapViewController.m; sourceTree = "<group>"; };
		C2E78DCD1EED9540008E2EAB /* Localizable.strings */ = {isa = PBXFileReference; fileEncoding = 4; lastKnownFileType = text.plist.strings; path = Localizable.strings; sourceTree = "<group>"; };
		C2E78DCF1EEDA57A008E2EAB /* Journey.h */ = {isa = PBXFileReference; fileEncoding = 4; lastKnownFileType = sourcecode.c.h; path = Journey.h; sourceTree = "<group>"; };
		C2E78DD01EEDA57A008E2EAB /* Journey.m */ = {isa = PBXFileReference; fileEncoding = 4; lastKnownFileType = sourcecode.c.objc; path = Journey.m; sourceTree = "<group>"; };
/* End PBXFileReference section */

/* Begin PBXFrameworksBuildPhase section */
		C2E78D8B1EEC4A47008E2EAB /* Frameworks */ = {
			isa = PBXFrameworksBuildPhase;
			buildActionMask = 2147483647;
			files = (
				C2E78DC81EEC5CC9008E2EAB /* CoreLocation.framework in Frameworks */,
				C2E78DC61EEC4EF7008E2EAB /* MapKit.framework in Frameworks */,
			);
			runOnlyForDeploymentPostprocessing = 0;
		};
		C2E78DA41EEC4A47008E2EAB /* Frameworks */ = {
			isa = PBXFrameworksBuildPhase;
			buildActionMask = 2147483647;
			files = (
			);
			runOnlyForDeploymentPostprocessing = 0;
		};
		C2E78DAF1EEC4A47008E2EAB /* Frameworks */ = {
			isa = PBXFrameworksBuildPhase;
			buildActionMask = 2147483647;
			files = (
			);
			runOnlyForDeploymentPostprocessing = 0;
		};
/* End PBXFrameworksBuildPhase section */

/* Begin PBXGroup section */
		C2E78D851EEC4A47008E2EAB = {
			isa = PBXGroup;
			children = (
				C2E78D901EEC4A47008E2EAB /* MapRecorder */,
				C2E78DAA1EEC4A47008E2EAB /* MapRecorderTests */,
				C2E78DB51EEC4A47008E2EAB /* MapRecorderUITests */,
				C2E78D8F1EEC4A47008E2EAB /* Products */,
				C2E78DC41EEC4EF7008E2EAB /* Frameworks */,
			);
			sourceTree = "<group>";
		};
		C2E78D8F1EEC4A47008E2EAB /* Products */ = {
			isa = PBXGroup;
			children = (
				C2E78D8E1EEC4A47008E2EAB /* MapRecorder.app */,
				C2E78DA71EEC4A47008E2EAB /* MapRecorderTests.xctest */,
				C2E78DB21EEC4A47008E2EAB /* MapRecorderUITests.xctest */,
			);
			name = Products;
			sourceTree = "<group>";
		};
		C2E78D901EEC4A47008E2EAB /* MapRecorder */ = {
			isa = PBXGroup;
			children = (
				C2E78DC91EEC6701008E2EAB /* Map */,
				C2E78D941EEC4A47008E2EAB /* AppDelegate.h */,
				C2E78D951EEC4A47008E2EAB /* AppDelegate.m */,
				C2E78D9A1EEC4A47008E2EAB /* Main.storyboard */,
				C2E78D9D1EEC4A47008E2EAB /* Assets.xcassets */,
				C2E78D9F1EEC4A47008E2EAB /* LaunchScreen.storyboard */,
				C2E78DA21EEC4A47008E2EAB /* Info.plist */,
				C2E78D911EEC4A47008E2EAB /* Supporting Files */,
				C2E78DCF1EEDA57A008E2EAB /* Journey.h */,
				C2E78DD01EEDA57A008E2EAB /* Journey.m */,
			);
			path = MapRecorder;
			sourceTree = "<group>";
		};
		C2E78D911EEC4A47008E2EAB /* Supporting Files */ = {
			isa = PBXGroup;
			children = (
				C2E78D921EEC4A47008E2EAB /* main.m */,
				C2E78DCD1EED9540008E2EAB /* Localizable.strings */,
			);
			name = "Supporting Files";
			sourceTree = "<group>";
		};
		C2E78DAA1EEC4A47008E2EAB /* MapRecorderTests */ = {
			isa = PBXGroup;
			children = (
				C2E78DAB1EEC4A47008E2EAB /* MapRecorderTests.m */,
				C2E78DAD1EEC4A47008E2EAB /* Info.plist */,
			);
			path = MapRecorderTests;
			sourceTree = "<group>";
		};
		C2E78DB51EEC4A47008E2EAB /* MapRecorderUITests */ = {
			isa = PBXGroup;
			children = (
				C2E78DB61EEC4A47008E2EAB /* MapRecorderUITests.m */,
				C2E78DB81EEC4A47008E2EAB /* Info.plist */,
			);
			path = MapRecorderUITests;
			sourceTree = "<group>";
		};
		C2E78DC41EEC4EF7008E2EAB /* Frameworks */ = {
			isa = PBXGroup;
			children = (
				C2E78DC71EEC5CC9008E2EAB /* CoreLocation.framework */,
				C2E78DC51EEC4EF7008E2EAB /* MapKit.framework */,
			);
			name = Frameworks;
			sourceTree = "<group>";
		};
		C2E78DC91EEC6701008E2EAB /* Map */ = {
			isa = PBXGroup;
			children = (
				C2E78DCA1EEC6735008E2EAB /* MapViewController.h */,
				C2E78DCB1EEC6735008E2EAB /* MapViewController.m */,
			);
			name = Map;
			path = Main;
			sourceTree = "<group>";
		};
/* End PBXGroup section */

/* Begin PBXNativeTarget section */
		C2E78D8D1EEC4A47008E2EAB /* MapRecorder */ = {
			isa = PBXNativeTarget;
			buildConfigurationList = C2E78DBB1EEC4A47008E2EAB /* Build configuration list for PBXNativeTarget "MapRecorder" */;
			buildPhases = (
				C2E78D8A1EEC4A47008E2EAB /* Sources */,
				C2E78D8B1EEC4A47008E2EAB /* Frameworks */,
				C2E78D8C1EEC4A47008E2EAB /* Resources */,
			);
			buildRules = (
			);
			dependencies = (
			);
			name = MapRecorder;
			productName = MapRecorder;
			productReference = C2E78D8E1EEC4A47008E2EAB /* MapRecorder.app */;
			productType = "com.apple.product-type.application";
		};
		C2E78DA61EEC4A47008E2EAB /* MapRecorderTests */ = {
			isa = PBXNativeTarget;
			buildConfigurationList = C2E78DBE1EEC4A47008E2EAB /* Build configuration list for PBXNativeTarget "MapRecorderTests" */;
			buildPhases = (
				C2E78DA31EEC4A47008E2EAB /* Sources */,
				C2E78DA41EEC4A47008E2EAB /* Frameworks */,
				C2E78DA51EEC4A47008E2EAB /* Resources */,
			);
			buildRules = (
			);
			dependencies = (
				C2E78DA91EEC4A47008E2EAB /* PBXTargetDependency */,
			);
			name = MapRecorderTests;
			productName = MapRecorderTests;
			productReference = C2E78DA71EEC4A47008E2EAB /* MapRecorderTests.xctest */;
			productType = "com.apple.product-type.bundle.unit-test";
		};
		C2E78DB11EEC4A47008E2EAB /* MapRecorderUITests */ = {
			isa = PBXNativeTarget;
			buildConfigurationList = C2E78DC11EEC4A47008E2EAB /* Build configuration list for PBXNativeTarget "MapRecorderUITests" */;
			buildPhases = (
				C2E78DAE1EEC4A47008E2EAB /* Sources */,
				C2E78DAF1EEC4A47008E2EAB /* Frameworks */,
				C2E78DB01EEC4A47008E2EAB /* Resources */,
			);
			buildRules = (
			);
			dependencies = (
				C2E78DB41EEC4A47008E2EAB /* PBXTargetDependency */,
			);
			name = MapRecorderUITests;
			productName = MapRecorderUITests;
			productReference = C2E78DB21EEC4A47008E2EAB /* MapRecorderUITests.xctest */;
			productType = "com.apple.product-type.bundle.ui-testing";
		};
/* End PBXNativeTarget section */

/* Begin PBXProject section */
		C2E78D861EEC4A47008E2EAB /* Project object */ = {
			isa = PBXProject;
			attributes = {
				LastUpgradeCheck = 0830;
				ORGANIZATIONNAME = "Ana Neto";
				TargetAttributes = {
					C2E78D8D1EEC4A47008E2EAB = {
						CreatedOnToolsVersion = 8.3.3;
						DevelopmentTeam = X82N4CHKBS;
						ProvisioningStyle = Automatic;
					};
					C2E78DA61EEC4A47008E2EAB = {
						CreatedOnToolsVersion = 8.3.3;
						DevelopmentTeam = X82N4CHKBS;
						ProvisioningStyle = Automatic;
						TestTargetID = C2E78D8D1EEC4A47008E2EAB;
					};
					C2E78DB11EEC4A47008E2EAB = {
						CreatedOnToolsVersion = 8.3.3;
						DevelopmentTeam = X82N4CHKBS;
						ProvisioningStyle = Automatic;
						TestTargetID = C2E78D8D1EEC4A47008E2EAB;
					};
				};
			};
			buildConfigurationList = C2E78D891EEC4A47008E2EAB /* Build configuration list for PBXProject "MapRecorder" */;
			compatibilityVersion = "Xcode 3.2";
			developmentRegion = English;
			hasScannedForEncodings = 0;
			knownRegions = (
				en,
				Base,
			);
			mainGroup = C2E78D851EEC4A47008E2EAB;
			productRefGroup = C2E78D8F1EEC4A47008E2EAB /* Products */;
			projectDirPath = "";
			projectRoot = "";
			targets = (
				C2E78D8D1EEC4A47008E2EAB /* MapRecorder */,
				C2E78DA61EEC4A47008E2EAB /* MapRecorderTests */,
				C2E78DB11EEC4A47008E2EAB /* MapRecorderUITests */,
			);
		};
/* End PBXProject section */

/* Begin PBXResourcesBuildPhase section */
		C2E78D8C1EEC4A47008E2EAB /* Resources */ = {
			isa = PBXResourcesBuildPhase;
			buildActionMask = 2147483647;
			files = (
				C2E78DA11EEC4A47008E2EAB /* LaunchScreen.storyboard in Resources */,
				C2E78DCE1EED9540008E2EAB /* Localizable.strings in Resources */,
				C2E78D9E1EEC4A47008E2EAB /* Assets.xcassets in Resources */,
				C2E78D9C1EEC4A47008E2EAB /* Main.storyboard in Resources */,
			);
			runOnlyForDeploymentPostprocessing = 0;
		};
		C2E78DA51EEC4A47008E2EAB /* Resources */ = {
			isa = PBXResourcesBuildPhase;
			buildActionMask = 2147483647;
			files = (
			);
			runOnlyForDeploymentPostprocessing = 0;
		};
		C2E78DB01EEC4A47008E2EAB /* Resources */ = {
			isa = PBXResourcesBuildPhase;
			buildActionMask = 2147483647;
			files = (
			);
			runOnlyForDeploymentPostprocessing = 0;
		};
/* End PBXResourcesBuildPhase section */

/* Begin PBXSourcesBuildPhase section */
		C2E78D8A1EEC4A47008E2EAB /* Sources */ = {
			isa = PBXSourcesBuildPhase;
			buildActionMask = 2147483647;
			files = (
				C2E78DD11EEDA57A008E2EAB /* Journey.m in Sources */,
				C2E78D961EEC4A47008E2EAB /* AppDelegate.m in Sources */,
				C2E78DCC1EEC6735008E2EAB /* MapViewController.m in Sources */,
				C2E78D931EEC4A47008E2EAB /* main.m in Sources */,
			);
			runOnlyForDeploymentPostprocessing = 0;
		};
		C2E78DA31EEC4A47008E2EAB /* Sources */ = {
			isa = PBXSourcesBuildPhase;
			buildActionMask = 2147483647;
			files = (
				C2E78DAC1EEC4A47008E2EAB /* MapRecorderTests.m in Sources */,
			);
			runOnlyForDeploymentPostprocessing = 0;
		};
		C2E78DAE1EEC4A47008E2EAB /* Sources */ = {
			isa = PBXSourcesBuildPhase;
			buildActionMask = 2147483647;
			files = (
				C2E78DB71EEC4A47008E2EAB /* MapRecorderUITests.m in Sources */,
			);
			runOnlyForDeploymentPostprocessing = 0;
		};
/* End PBXSourcesBuildPhase section */

/* Begin PBXTargetDependency section */
		C2E78DA91EEC4A47008E2EAB /* PBXTargetDependency */ = {
			isa = PBXTargetDependency;
			target = C2E78D8D1EEC4A47008E2EAB /* MapRecorder */;
			targetProxy = C2E78DA81EEC4A47008E2EAB /* PBXContainerItemProxy */;
		};
		C2E78DB41EEC4A47008E2EAB /* PBXTargetDependency */ = {
			isa = PBXTargetDependency;
			target = C2E78D8D1EEC4A47008E2EAB /* MapRecorder */;
			targetProxy = C2E78DB31EEC4A47008E2EAB /* PBXContainerItemProxy */;
		};
/* End PBXTargetDependency section */

/* Begin PBXVariantGroup section */
		C2E78D9A1EEC4A47008E2EAB /* Main.storyboard */ = {
			isa = PBXVariantGroup;
			children = (
				C2E78D9B1EEC4A47008E2EAB /* Base */,
			);
			name = Main.storyboard;
			sourceTree = "<group>";
		};
		C2E78D9F1EEC4A47008E2EAB /* LaunchScreen.storyboard */ = {
			isa = PBXVariantGroup;
			children = (
				C2E78DA01EEC4A47008E2EAB /* Base */,
			);
			name = LaunchScreen.storyboard;
			sourceTree = "<group>";
		};
/* End PBXVariantGroup section */

/* Begin XCBuildConfiguration section */
		C2E78DB91EEC4A47008E2EAB /* Debug */ = {
			isa = XCBuildConfiguration;
			buildSettings = {
				ALWAYS_SEARCH_USER_PATHS = NO;
				CLANG_ANALYZER_NONNULL = YES;
				CLANG_ANALYZER_NUMBER_OBJECT_CONVERSION = YES_AGGRESSIVE;
				CLANG_CXX_LANGUAGE_STANDARD = "gnu++0x";
				CLANG_CXX_LIBRARY = "libc++";
				CLANG_ENABLE_MODULES = YES;
				CLANG_ENABLE_OBJC_ARC = YES;
				CLANG_WARN_BOOL_CONVERSION = YES;
				CLANG_WARN_CONSTANT_CONVERSION = YES;
				CLANG_WARN_DIRECT_OBJC_ISA_USAGE = YES_ERROR;
				CLANG_WARN_DOCUMENTATION_COMMENTS = YES;
				CLANG_WARN_EMPTY_BODY = YES;
				CLANG_WARN_ENUM_CONVERSION = YES;
				CLANG_WARN_INFINITE_RECURSION = YES;
				CLANG_WARN_INT_CONVERSION = YES;
				CLANG_WARN_OBJC_ROOT_CLASS = YES_ERROR;
				CLANG_WARN_SUSPICIOUS_MOVE = YES;
				CLANG_WARN_UNREACHABLE_CODE = YES;
				CLANG_WARN__DUPLICATE_METHOD_MATCH = YES;
				"CODE_SIGN_IDENTITY[sdk=iphoneos*]" = "iPhone Developer";
				COPY_PHASE_STRIP = NO;
				DEBUG_INFORMATION_FORMAT = dwarf;
				ENABLE_STRICT_OBJC_MSGSEND = YES;
				ENABLE_TESTABILITY = YES;
				GCC_C_LANGUAGE_STANDARD = gnu99;
				GCC_DYNAMIC_NO_PIC = NO;
				GCC_NO_COMMON_BLOCKS = YES;
				GCC_OPTIMIZATION_LEVEL = 0;
				GCC_PREPROCESSOR_DEFINITIONS = (
					"DEBUG=1",
					"$(inherited)",
				);
				GCC_WARN_64_TO_32_BIT_CONVERSION = YES;
				GCC_WARN_ABOUT_RETURN_TYPE = YES_ERROR;
				GCC_WARN_UNDECLARED_SELECTOR = YES;
				GCC_WARN_UNINITIALIZED_AUTOS = YES_AGGRESSIVE;
				GCC_WARN_UNUSED_FUNCTION = YES;
				GCC_WARN_UNUSED_VARIABLE = YES;
				IPHONEOS_DEPLOYMENT_TARGET = 10.3;
				MTL_ENABLE_DEBUG_INFO = YES;
				ONLY_ACTIVE_ARCH = YES;
				SDKROOT = iphoneos;
				TARGETED_DEVICE_FAMILY = "1,2";
			};
			name = Debug;
		};
		C2E78DBA1EEC4A47008E2EAB /* Release */ = {
			isa = XCBuildConfiguration;
			buildSettings = {
				ALWAYS_SEARCH_USER_PATHS = NO;
				CLANG_ANALYZER_NONNULL = YES;
				CLANG_ANALYZER_NUMBER_OBJECT_CONVERSION = YES_AGGRESSIVE;
				CLANG_CXX_LANGUAGE_STANDARD = "gnu++0x";
				CLANG_CXX_LIBRARY = "libc++";
				CLANG_ENABLE_MODULES = YES;
				CLANG_ENABLE_OBJC_ARC = YES;
				CLANG_WARN_BOOL_CONVERSION = YES;
				CLANG_WARN_CONSTANT_CONVERSION = YES;
				CLANG_WARN_DIRECT_OBJC_ISA_USAGE = YES_ERROR;
				CLANG_WARN_DOCUMENTATION_COMMENTS = YES;
				CLANG_WARN_EMPTY_BODY = YES;
				CLANG_WARN_ENUM_CONVERSION = YES;
				CLANG_WARN_INFINITE_RECURSION = YES;
				CLANG_WARN_INT_CONVERSION = YES;
				CLANG_WARN_OBJC_ROOT_CLASS = YES_ERROR;
				CLANG_WARN_SUSPICIOUS_MOVE = YES;
				CLANG_WARN_UNREACHABLE_CODE = YES;
				CLANG_WARN__DUPLICATE_METHOD_MATCH = YES;
				"CODE_SIGN_IDENTITY[sdk=iphoneos*]" = "iPhone Developer";
				COPY_PHASE_STRIP = NO;
				DEBUG_INFORMATION_FORMAT = "dwarf-with-dsym";
				ENABLE_NS_ASSERTIONS = NO;
				ENABLE_STRICT_OBJC_MSGSEND = YES;
				GCC_C_LANGUAGE_STANDARD = gnu99;
				GCC_NO_COMMON_BLOCKS = YES;
				GCC_WARN_64_TO_32_BIT_CONVERSION = YES;
				GCC_WARN_ABOUT_RETURN_TYPE = YES_ERROR;
				GCC_WARN_UNDECLARED_SELECTOR = YES;
				GCC_WARN_UNINITIALIZED_AUTOS = YES_AGGRESSIVE;
				GCC_WARN_UNUSED_FUNCTION = YES;
				GCC_WARN_UNUSED_VARIABLE = YES;
				IPHONEOS_DEPLOYMENT_TARGET = 10.3;
				MTL_ENABLE_DEBUG_INFO = NO;
				SDKROOT = iphoneos;
				TARGETED_DEVICE_FAMILY = "1,2";
				VALIDATE_PRODUCT = YES;
			};
			name = Release;
		};
		C2E78DBC1EEC4A47008E2EAB /* Debug */ = {
			isa = XCBuildConfiguration;
			buildSettings = {
				ASSETCATALOG_COMPILER_APPICON_NAME = AppIcon;
				DEVELOPMENT_TEAM = X82N4CHKBS;
				INFOPLIST_FILE = MapRecorder/Info.plist;
				LD_RUNPATH_SEARCH_PATHS = "$(inherited) @executable_path/Frameworks";
				PRODUCT_BUNDLE_IDENTIFIER = com.test.MapRecorder;
				PRODUCT_NAME = "$(TARGET_NAME)";
			};
			name = Debug;
		};
		C2E78DBD1EEC4A47008E2EAB /* Release */ = {
			isa = XCBuildConfiguration;
			buildSettings = {
				ASSETCATALOG_COMPILER_APPICON_NAME = AppIcon;
				DEVELOPMENT_TEAM = X82N4CHKBS;
				INFOPLIST_FILE = MapRecorder/Info.plist;
				LD_RUNPATH_SEARCH_PATHS = "$(inherited) @executable_path/Frameworks";
				PRODUCT_BUNDLE_IDENTIFIER = com.test.MapRecorder;
				PRODUCT_NAME = "$(TARGET_NAME)";
			};
			name = Release;
		};
		C2E78DBF1EEC4A47008E2EAB /* Debug */ = {
			isa = XCBuildConfiguration;
			buildSettings = {
				BUNDLE_LOADER = "$(TEST_HOST)";
				DEVELOPMENT_TEAM = X82N4CHKBS;
				INFOPLIST_FILE = MapRecorderTests/Info.plist;
				LD_RUNPATH_SEARCH_PATHS = "$(inherited) @executable_path/Frameworks @loader_path/Frameworks";
				PRODUCT_BUNDLE_IDENTIFIER = com.test.MapRecorderTests;
				PRODUCT_NAME = "$(TARGET_NAME)";
				TEST_HOST = "$(BUILT_PRODUCTS_DIR)/MapRecorder.app/MapRecorder";
			};
			name = Debug;
		};
		C2E78DC01EEC4A47008E2EAB /* Release */ = {
			isa = XCBuildConfiguration;
			buildSettings = {
				BUNDLE_LOADER = "$(TEST_HOST)";
				DEVELOPMENT_TEAM = X82N4CHKBS;
				INFOPLIST_FILE = MapRecorderTests/Info.plist;
				LD_RUNPATH_SEARCH_PATHS = "$(inherited) @executable_path/Frameworks @loader_path/Frameworks";
				PRODUCT_BUNDLE_IDENTIFIER = com.test.MapRecorderTests;
				PRODUCT_NAME = "$(TARGET_NAME)";
				TEST_HOST = "$(BUILT_PRODUCTS_DIR)/MapRecorder.app/MapRecorder";
			};
			name = Release;
		};
		C2E78DC21EEC4A47008E2EAB /* Debug */ = {
			isa = XCBuildConfiguration;
			buildSettings = {
				DEVELOPMENT_TEAM = X82N4CHKBS;
				INFOPLIST_FILE = MapRecorderUITests/Info.plist;
				LD_RUNPATH_SEARCH_PATHS = "$(inherited) @executable_path/Frameworks @loader_path/Frameworks";
				PRODUCT_BUNDLE_IDENTIFIER = com.test.MapRecorderUITests;
				PRODUCT_NAME = "$(TARGET_NAME)";
				TEST_TARGET_NAME = MapRecorder;
			};
			name = Debug;
		};
		C2E78DC31EEC4A47008E2EAB /* Release */ = {
			isa = XCBuildConfiguration;
			buildSettings = {
				DEVELOPMENT_TEAM = X82N4CHKBS;
				INFOPLIST_FILE = MapRecorderUITests/Info.plist;
				LD_RUNPATH_SEARCH_PATHS = "$(inherited) @executable_path/Frameworks @loader_path/Frameworks";
				PRODUCT_BUNDLE_IDENTIFIER = com.test.MapRecorderUITests;
				PRODUCT_NAME = "$(TARGET_NAME)";
				TEST_TARGET_NAME = MapRecorder;
			};
			name = Release;
		};
/* End XCBuildConfiguration section */

/* Begin XCConfigurationList section */
		C2E78D891EEC4A47008E2EAB /* Build configuration list for PBXProject "MapRecorder" */ = {
			isa = XCConfigurationList;
			buildConfigurations = (
				C2E78DB91EEC4A47008E2EAB /* Debug */,
				C2E78DBA1EEC4A47008E2EAB /* Release */,
			);
			defaultConfigurationIsVisible = 0;
			defaultConfigurationName = Release;
		};
		C2E78DBB1EEC4A47008E2EAB /* Build configuration list for PBXNativeTarget "MapRecorder" */ = {
			isa = XCConfigurationList;
			buildConfigurations = (
				C2E78DBC1EEC4A47008E2EAB /* Debug */,
				C2E78DBD1EEC4A47008E2EAB /* Release */,
			);
			defaultConfigurationIsVisible = 0;
		};
		C2E78DBE1EEC4A47008E2EAB /* Build configuration list for PBXNativeTarget "MapRecorderTests" */ = {
			isa = XCConfigurationList;
			buildConfigurations = (
				C2E78DBF1EEC4A47008E2EAB /* Debug */,
				C2E78DC01EEC4A47008E2EAB /* Release */,
			);
			defaultConfigurationIsVisible = 0;
		};
		C2E78DC11EEC4A47008E2EAB /* Build configuration list for PBXNativeTarget "MapRecorderUITests" */ = {
			isa = XCConfigurationList;
			buildConfigurations = (
				C2E78DC21EEC4A47008E2EAB /* Debug */,
				C2E78DC31EEC4A47008E2EAB /* Release */,
			);
			defaultConfigurationIsVisible = 0;
		};
/* End XCConfigurationList section */
	};
	rootObject = C2E78D861EEC4A47008E2EAB /* Project object */;
}
